
Microsoft Visual Studio Solution File, Format Version 12.00
# Visual Studio 15
VisualStudioVersion = 15.0.28010.2041
MinimumVisualStudioVersion = 10.0.40219.1
Project("{FAE04EC0-301F-11D3-BF4B-00C04F79EFBC}") = "GetLinks", "GetLinks\GetLinks.csproj", "{65317176-6C9B-4CA2-AB3F-407769AD1FB8}"
EndProject
Global
	GlobalSection(SolutionConfigurationPlatforms) = preSolution
		Debug|Any CPU = Debug|Any CPU
		Release|Any CPU = Release|Any CPU
	EndGlobalSection
	GlobalSection(ProjectConfigurationPlatforms) = postSolution
		{65317176-6C9B-4CA2-AB3F-407769AD1FB8}.Debug|Any CPU.ActiveCfg = Debug|Any CPU
		{65317176-6C9B-4CA2-AB3F-407769AD1FB8}.Debug|Any CPU.Build.0 = Debug|Any CPU
		{65317176-6C9B-4CA2-AB3F-407769AD1FB8}.Release|Any CPU.ActiveCfg = Release|Any CPU
		{65317176-6C9B-4CA2-AB3F-407769AD1FB8}.Release|Any CPU.Build.0 = Release|Any CPU
	EndGlobalSection
	GlobalSection(SolutionProperties) = preSolution
		HideSolutionNode = FALSE
	EndGlobalSection
	GlobalSection(ExtensibilityGlobals) = postSolution
		SolutionGuid = {4463BE85-6989-47CD-832E-63A7FF48B119}
	EndGlobalSection
EndGlobal
